{
    "_meta": {
        "hash": {
            "sha256": "669e6b17deb9189e4e189b0dacd4b670da7d5eee50030cec5f4bfb5989b5bc44"
        },
        "host-environment-markers": {
            "implementation_name": "cpython",
            "implementation_version": "3.6.4",
            "os_name": "posix",
            "platform_machine": "x86_64",
            "platform_python_implementation": "CPython",
            "platform_release": "15.6.0",
            "platform_system": "Darwin",
            "platform_version": "Darwin Kernel Version 15.6.0: Tue Jan  9 20:12:05 PST 2018; root:xnu-3248.73.5~1/RELEASE_X86_64",
            "python_full_version": "3.6.4",
            "python_version": "3.6",
            "sys_platform": "darwin"
        },
        "pipfile-spec": 6,
        "requires": {},
        "sources": [
            {
                "name": "pypi",
                "url": "https://pypi.python.org/simple",
                "verify_ssl": true
            }
        ]
    },
    "default": {
        "blessings": {
            "hashes": [
                "sha256:26dbaf2f89c3e6dee11c10f7c0b85756ed75cf602b1bb7935b4efd8ed67a000f",
                "sha256:466e43ff45723b272311de0437649df464b33b4daba7a54c69493212958e19c7",
                "sha256:74919575885552e14bc24a68f8b539690bd1b5629180faa830b1a25b8c7fb6ea"
            ],
            "version": "==1.6.1"
        },
        "inquirer": {
            "hashes": [
                "sha256:e264416f403e9c298cfd9e29033ca59dd772019884e59889b8173460fbc5e84e",
                "sha256:beac3725bc61b2c55bce5ca74e5f048beab5a28b4630f75472563342039ea5db"
            ],
            "version": "==2.2.0"
        },
        "prompt-toolkit": {
            "hashes": [
                "sha256:3f473ae040ddaa52b52f97f6b4a493cfa9f5920c255a12dc56a7d34397a398a4",
                "sha256:1df952620eccb399c53ebb359cc7d9a8d3a9538cb34c5a1344bdbeb29fbcc381",
                "sha256:858588f1983ca497f1cf4ffde01d978a3ea02b01c8a26a8bbc5cd2e66d816917"
            ],
            "version": "==1.0.15"
        },
        "pygithub": {
            "hashes": [
                "sha256:b6c1c0c1305b879b6c40b2ba957914b8ad26cd4549ac7a5e21339a0af0307b43"
            ],
            "version": "==1.36"
        },
        "pyjwt": {
            "hashes": [
                "sha256:a4e5f1441e3ca7b382fd0c0b416777ced1f97c64ef0c33bfa39daf38505cfd2f",
                "sha256:500be75b17a63f70072416843dc80c8821109030be824f4d14758f114978bae7"
            ],
            "version": "==1.5.3"
        },
        "readchar": {
            "hashes": [
                "sha256:42195fa187ea91c1674c04fa8ccd2461eae508b0f219b41e97e692cd05d7f9ca",
                "sha256:c3354162894634ff6a29a06a1cd04c92522f32b7bc6c17e247cf3bee27ee914c",
                "sha256:ccae1f094eac3fb5ef6622dd3fbb25fd8b3b4b734ed835a36862b3f6916aa8aa"
            ],
            "version": "==0.7"
        },
        "six": {
            "hashes": [
                "sha256:832dc0e10feb1aa2c68dcc57dbb658f1c7e65b9b61af69048abc87a2db00a0eb",
                "sha256:70e8a77beed4562e7f14fe23a786b54f6296e34344c23bc42f07b15018ff98e9"
            ],
            "version": "==1.11.0"
        },
        "wcwidth": {
            "hashes": [
                "sha256:f4ebe71925af7b40a864553f761ed559b43544f8f71746c2d756c7fe788ade7c",
                "sha256:3df37372226d6e63e1b1e1eda15c594bca98a22d33a23832a90998faa96bc65e"
            ],
            "version": "==0.1.7"
        }
    },
    "develop": {}
}
