{
    "_meta": {
        "hash": {
            "sha256": "260593d667178a729372ea0a685d15a5cd3c1e588dbdb0e400b6a6fad6a39fcd"
        },
        "host-environment-markers": {
            "implementation_name": "cpython",
            "implementation_version": "3.6.4",
            "os_name": "posix",
            "platform_machine": "x86_64",
            "platform_python_implementation": "CPython",
            "platform_release": "15.6.0",
            "platform_system": "Darwin",
            "platform_version": "Darwin Kernel Version 15.6.0: Tue Jan  9 20:12:05 PST 2018; root:xnu-3248.73.5~1/RELEASE_X86_64",
            "python_full_version": "3.6.4",
            "python_version": "3.6",
            "sys_platform": "darwin"
        },
        "pipfile-spec": 6,
        "requires": {},
        "sources": [
            {
                "name": "pypi",
                "url": "https://pypi.python.org/simple",
                "verify_ssl": true
            }
        ]
    },
    "default": {
        "blessings": {
            "hashes": [
                "sha256:26dbaf2f89c3e6dee11c10f7c0b85756ed75cf602b1bb7935b4efd8ed67a000f",
                "sha256:466e43ff45723b272311de0437649df464b33b4daba7a54c69493212958e19c7",
                "sha256:74919575885552e14bc24a68f8b539690bd1b5629180faa830b1a25b8c7fb6ea"
            ],
            "version": "==1.6.1"
        },
        "inquirer": {
            "hashes": [
                "sha256:e264416f403e9c298cfd9e29033ca59dd772019884e59889b8173460fbc5e84e",
                "sha256:beac3725bc61b2c55bce5ca74e5f048beab5a28b4630f75472563342039ea5db"
            ],
            "version": "==2.2.0"
        },
        "pygithub": {
            "hashes": [
                "sha256:b6c1c0c1305b879b6c40b2ba957914b8ad26cd4549ac7a5e21339a0af0307b43"
            ],
            "version": "==1.36"
        },
        "pyjwt": {
            "hashes": [
                "sha256:a4e5f1441e3ca7b382fd0c0b416777ced1f97c64ef0c33bfa39daf38505cfd2f",
                "sha256:500be75b17a63f70072416843dc80c8821109030be824f4d14758f114978bae7"
            ],
            "version": "==1.5.3"
        },
        "readchar": {
            "hashes": [
                "sha256:42195fa187ea91c1674c04fa8ccd2461eae508b0f219b41e97e692cd05d7f9ca",
                "sha256:c3354162894634ff6a29a06a1cd04c92522f32b7bc6c17e247cf3bee27ee914c",
                "sha256:ccae1f094eac3fb5ef6622dd3fbb25fd8b3b4b734ed835a36862b3f6916aa8aa"
            ],
            "version": "==0.7"
        }
    },
    "develop": {}
}
